
Microsoft Visual Studio Solution File, Format Version 12.00
# Visual Studio Version 16
VisualStudioVersion = 16.0.29209.62
MinimumVisualStudioVersion = 10.0.40219.1
Project("{888888A0-9F3D-457C-B088-3A5042F75D52}") = "FungsiDenganKembalianNilai__PY", "FungsiDenganKembalianNilai__PY.pyproj", "{DF31B0C2-D610-4617-9B04-3E885DB7B2A7}"
EndProject
Global
	GlobalSection(SolutionConfigurationPlatforms) = preSolution
		Debug|Any CPU = Debug|Any CPU
		Release|Any CPU = Release|Any CPU
	EndGlobalSection
	GlobalSection(ProjectConfigurationPlatforms) = postSolution
		{DF31B0C2-D610-4617-9B04-3E885DB7B2A7}.Debug|Any CPU.ActiveCfg = Debug|Any CPU
		{DF31B0C2-D610-4617-9B04-3E885DB7B2A7}.Release|Any CPU.ActiveCfg = Release|Any CPU
	EndGlobalSection
	GlobalSection(SolutionProperties) = preSolution
		HideSolutionNode = FALSE
	EndGlobalSection
	GlobalSection(ExtensibilityGlobals) = postSolution
		SolutionGuid = {7E4AC07F-966A-4637-AFDE-966A5128F0FF}
	EndGlobalSection
EndGlobal
